
Microsoft Visual Studio Solution File, Format Version 12.00
# Visual Studio Version 17
VisualStudioVersion = 17.2.32616.157
MinimumVisualStudioVersion = 10.0.40219.1
Project("{FAE04EC0-301F-11D3-BF4B-00C04F79EFBC}") = "Hastane_Proje", "Hastane_Proje\Hastane_Proje.csproj", "{D44FBA88-DA1C-4514-AE19-876106D0C1A8}"
EndProject
Global
	GlobalSection(SolutionConfigurationPlatforms) = preSolution
		Debug|Any CPU = Debug|Any CPU
		Release|Any CPU = Release|Any CPU
	EndGlobalSection
	GlobalSection(ProjectConfigurationPlatforms) = postSolution
		{D44FBA88-DA1C-4514-AE19-876106D0C1A8}.Debug|Any CPU.ActiveCfg = Debug|Any CPU
		{D44FBA88-DA1C-4514-AE19-876106D0C1A8}.Debug|Any CPU.Build.0 = Debug|Any CPU
		{D44FBA88-DA1C-4514-AE19-876106D0C1A8}.Release|Any CPU.ActiveCfg = Release|Any CPU
		{D44FBA88-DA1C-4514-AE19-876106D0C1A8}.Release|Any CPU.Build.0 = Release|Any CPU
	EndGlobalSection
	GlobalSection(SolutionProperties) = preSolution
		HideSolutionNode = FALSE
	EndGlobalSection
	GlobalSection(ExtensibilityGlobals) = postSolution
		SolutionGuid = {858EC007-30B3-44AA-815B-4AC5552CF164}
	EndGlobalSection
EndGlobal
